
Microsoft Visual Studio Solution File, Format Version 12.00
# Visual Studio Version 16
VisualStudioVersion = 16.0.32901.84
MinimumVisualStudioVersion = 10.0.40219.1
Project("{FAE04EC0-301F-11D3-BF4B-00C04F79EFBC}") = "SalesWebMvc", "SalesWebMvc.csproj", "{319731B8-77A2-45B6-BEBB-40BA1BC555ED}"
EndProject
Global
	GlobalSection(SolutionConfigurationPlatforms) = preSolution
		Debug|Any CPU = Debug|Any CPU
		Release|Any CPU = Release|Any CPU
	EndGlobalSection
	GlobalSection(ProjectConfigurationPlatforms) = postSolution
		{319731B8-77A2-45B6-BEBB-40BA1BC555ED}.Debug|Any CPU.ActiveCfg = Debug|Any CPU
		{319731B8-77A2-45B6-BEBB-40BA1BC555ED}.Debug|Any CPU.Build.0 = Debug|Any CPU
		{319731B8-77A2-45B6-BEBB-40BA1BC555ED}.Release|Any CPU.ActiveCfg = Release|Any CPU
		{319731B8-77A2-45B6-BEBB-40BA1BC555ED}.Release|Any CPU.Build.0 = Release|Any CPU
	EndGlobalSection
	GlobalSection(SolutionProperties) = preSolution
		HideSolutionNode = FALSE
	EndGlobalSection
	GlobalSection(ExtensibilityGlobals) = postSolution
		SolutionGuid = {E141309C-8705-4559-9DDD-DB4F688AF68D}
	EndGlobalSection
EndGlobal
